
Microsoft Visual Studio Solution File, Format Version 12.00
# Visual Studio Version 17
VisualStudioVersion = 17.3.32901.215
MinimumVisualStudioVersion = 10.0.40219.1
Project("{2150E333-8FDC-42A3-9474-1A3956D46DE8}") = "src", "src", "{0394241C-5895-489F-87A0-A39E55879D4D}"
EndProject
Project("{2150E333-8FDC-42A3-9474-1A3956D46DE8}") = "Solution Items", "Solution Items", "{3A397025-5C07-4867-8358-77294D4E088C}"
	ProjectSection(SolutionItems) = preProject
		ServiceUrls.txt = ServiceUrls.txt
	EndProjectSection
EndProject
Project("{2150E333-8FDC-42A3-9474-1A3956D46DE8}") = "ApiGateways", "ApiGateways", "{383E5973-47BA-4DBA-B1BA-170263594927}"
EndProject
Project("{2150E333-8FDC-42A3-9474-1A3956D46DE8}") = "BuildingBlocks", "BuildingBlocks", "{5C81285E-BA30-41FB-874B-203EBDE49399}"
EndProject
Project("{2150E333-8FDC-42A3-9474-1A3956D46DE8}") = "Services", "Services", "{01873F8A-07E7-4823-A4F2-01267FFCDDEA}"
EndProject
Project("{2150E333-8FDC-42A3-9474-1A3956D46DE8}") = "Clients", "Clients", "{B13891CA-9222-46B1-8518-3AE1B2CB42F3}"
EndProject
Project("{2150E333-8FDC-42A3-9474-1A3956D46DE8}") = "WebApp", "WebApp", "{6D1A56A8-B605-4A62-8C03-5460BE877A7B}"
EndProject
Project("{2150E333-8FDC-42A3-9474-1A3956D46DE8}") = "WebApiGateway", "WebApiGateway", "{5B221057-3C0B-4F82-951B-05278790C11F}"
EndProject
Project("{FAE04EC0-301F-11D3-BF4B-00C04F79EFBC}") = "Web.ApiGateway", "src\ApiGateways\WebApiGateway\Web.ApiGateway\Web.ApiGateway.csproj", "{DD604A50-19B5-47F9-906D-81379B1B4B2D}"
EndProject
Project("{2150E333-8FDC-42A3-9474-1A3956D46DE8}") = "EventBus", "EventBus", "{D5F6F845-AE74-4236-855F-77C6117E15A6}"
EndProject
Project("{FAE04EC0-301F-11D3-BF4B-00C04F79EFBC}") = "EventBus.Base", "src\BuildingBlocks\EventBus\EventBus.Base\EventBus.Base.csproj", "{2DC12C9F-220B-4EB6-BB8D-4EA63783541B}"
EndProject
Project("{FAE04EC0-301F-11D3-BF4B-00C04F79EFBC}") = "EventBus.Factory", "src\BuildingBlocks\EventBus\EventBus.Factory\EventBus.Factory.csproj", "{A8767C44-C699-46C9-A85E-491952E0813F}"
EndProject
Project("{FAE04EC0-301F-11D3-BF4B-00C04F79EFBC}") = "EventBus.RabbitMQ", "src\BuildingBlocks\EventBus\EventBus.RabbitMQ\EventBus.RabbitMQ.csproj", "{193FD9BB-5A60-4AC7-BD45-2CE8F9F7B77D}"
EndProject
Project("{2150E333-8FDC-42A3-9474-1A3956D46DE8}") = "BasketService", "BasketService", "{D6677BA6-1EFB-4895-BB60-157EAACAF8D3}"
EndProject
Project("{FAE04EC0-301F-11D3-BF4B-00C04F79EFBC}") = "BasketService.Api", "src\Services\BasketService\BasketService.Api\BasketService.Api.csproj", "{090D687D-D77C-4DEE-96F2-FDDE672D6D51}"
EndProject
Project("{2150E333-8FDC-42A3-9474-1A3956D46DE8}") = "CatalogService", "CatalogService", "{F3AA0476-1F97-4A7E-BD0A-E24A06678F8E}"
EndProject
Project("{FAE04EC0-301F-11D3-BF4B-00C04F79EFBC}") = "CatalogService.Api", "src\Services\CatalogService\CatalogService.Api\CatalogService.Api.csproj", "{C35EB2F8-4818-438E-84C2-FBCC77513DB9}"
EndProject
Project("{2150E333-8FDC-42A3-9474-1A3956D46DE8}") = "IdentityService", "IdentityService", "{91066680-902E-4559-AC1F-8CB1C423DF00}"
EndProject
Project("{FAE04EC0-301F-11D3-BF4B-00C04F79EFBC}") = "IdentityService.Api", "src\Services\IdentityService\IdentityService.Api\IdentityService.Api.csproj", "{EBF9D6C5-D202-49C1-9C92-9054370E8879}"
EndProject
Project("{2150E333-8FDC-42A3-9474-1A3956D46DE8}") = "OrderService", "OrderService", "{C2AD532A-A2FE-412D-91E9-8C2FF93D8E8B}"
EndProject
Project("{FAE04EC0-301F-11D3-BF4B-00C04F79EFBC}") = "OrderService.Domain", "src\Services\OrderService\OrderService.Domain\OrderService.Domain.csproj", "{4A8862CD-F953-4DC8-B3B6-81989E3EEC55}"
EndProject
Project("{FAE04EC0-301F-11D3-BF4B-00C04F79EFBC}") = "OrderService.Application", "src\Services\OrderService\OrderService.Application\OrderService.Application.csproj", "{68A0D628-3405-438D-938B-A82C6B46ECE3}"
EndProject
Project("{FAE04EC0-301F-11D3-BF4B-00C04F79EFBC}") = "OrderService.Infrastructure", "src\Services\OrderService\OrderService.Infrastructure\OrderService.Infrastructure.csproj", "{0083BF1E-8AB3-433A-83E1-070007A8B12E}"
EndProject
Project("{FAE04EC0-301F-11D3-BF4B-00C04F79EFBC}") = "OrderService.Api", "src\Services\OrderService\OrderService.Api\OrderService.Api.csproj", "{8E03BEDF-1ED8-4BC5-8515-839F7181337E}"
EndProject
Project("{2150E333-8FDC-42A3-9474-1A3956D46DE8}") = "PaymentService", "PaymentService", "{4261E6CB-7472-4FF0-8642-D54055E3B655}"
EndProject
Project("{FAE04EC0-301F-11D3-BF4B-00C04F79EFBC}") = "PaymentService.Api", "src\Services\PaymentService\PaymentService.Api\PaymentService.Api.csproj", "{F274DE29-C4FF-4428-88E2-76C82EB1773A}"
EndProject
Global
	GlobalSection(SolutionConfigurationPlatforms) = preSolution
		Debug|Any CPU = Debug|Any CPU
		Release|Any CPU = Release|Any CPU
	EndGlobalSection
	GlobalSection(ProjectConfigurationPlatforms) = postSolution
		{DD604A50-19B5-47F9-906D-81379B1B4B2D}.Debug|Any CPU.ActiveCfg = Debug|Any CPU
		{DD604A50-19B5-47F9-906D-81379B1B4B2D}.Debug|Any CPU.Build.0 = Debug|Any CPU
		{DD604A50-19B5-47F9-906D-81379B1B4B2D}.Release|Any CPU.ActiveCfg = Release|Any CPU
		{DD604A50-19B5-47F9-906D-81379B1B4B2D}.Release|Any CPU.Build.0 = Release|Any CPU
		{2DC12C9F-220B-4EB6-BB8D-4EA63783541B}.Debug|Any CPU.ActiveCfg = Debug|Any CPU
		{2DC12C9F-220B-4EB6-BB8D-4EA63783541B}.Debug|Any CPU.Build.0 = Debug|Any CPU
		{2DC12C9F-220B-4EB6-BB8D-4EA63783541B}.Release|Any CPU.ActiveCfg = Release|Any CPU
		{2DC12C9F-220B-4EB6-BB8D-4EA63783541B}.Release|Any CPU.Build.0 = Release|Any CPU
		{A8767C44-C699-46C9-A85E-491952E0813F}.Debug|Any CPU.ActiveCfg = Debug|Any CPU
		{A8767C44-C699-46C9-A85E-491952E0813F}.Debug|Any CPU.Build.0 = Debug|Any CPU
		{A8767C44-C699-46C9-A85E-491952E0813F}.Release|Any CPU.ActiveCfg = Release|Any CPU
		{A8767C44-C699-46C9-A85E-491952E0813F}.Release|Any CPU.Build.0 = Release|Any CPU
		{193FD9BB-5A60-4AC7-BD45-2CE8F9F7B77D}.Debug|Any CPU.ActiveCfg = Debug|Any CPU
		{193FD9BB-5A60-4AC7-BD45-2CE8F9F7B77D}.Debug|Any CPU.Build.0 = Debug|Any CPU
		{193FD9BB-5A60-4AC7-BD45-2CE8F9F7B77D}.Release|Any CPU.ActiveCfg = Release|Any CPU
		{193FD9BB-5A60-4AC7-BD45-2CE8F9F7B77D}.Release|Any CPU.Build.0 = Release|Any CPU
		{090D687D-D77C-4DEE-96F2-FDDE672D6D51}.Debug|Any CPU.ActiveCfg = Debug|Any CPU
		{090D687D-D77C-4DEE-96F2-FDDE672D6D51}.Debug|Any CPU.Build.0 = Debug|Any CPU
		{090D687D-D77C-4DEE-96F2-FDDE672D6D51}.Release|Any CPU.ActiveCfg = Release|Any CPU
		{090D687D-D77C-4DEE-96F2-FDDE672D6D51}.Release|Any CPU.Build.0 = Release|Any CPU
		{C35EB2F8-4818-438E-84C2-FBCC77513DB9}.Debug|Any CPU.ActiveCfg = Debug|Any CPU
		{C35EB2F8-4818-438E-84C2-FBCC77513DB9}.Debug|Any CPU.Build.0 = Debug|Any CPU
		{C35EB2F8-4818-438E-84C2-FBCC77513DB9}.Release|Any CPU.ActiveCfg = Release|Any CPU
		{C35EB2F8-4818-438E-84C2-FBCC77513DB9}.Release|Any CPU.Build.0 = Release|Any CPU
		{EBF9D6C5-D202-49C1-9C92-9054370E8879}.Debug|Any CPU.ActiveCfg = Debug|Any CPU
		{EBF9D6C5-D202-49C1-9C92-9054370E8879}.Debug|Any CPU.Build.0 = Debug|Any CPU
		{EBF9D6C5-D202-49C1-9C92-9054370E8879}.Release|Any CPU.ActiveCfg = Release|Any CPU
		{EBF9D6C5-D202-49C1-9C92-9054370E8879}.Release|Any CPU.Build.0 = Release|Any CPU
		{4A8862CD-F953-4DC8-B3B6-81989E3EEC55}.Debug|Any CPU.ActiveCfg = Debug|Any CPU
		{4A8862CD-F953-4DC8-B3B6-81989E3EEC55}.Debug|Any CPU.Build.0 = Debug|Any CPU
		{4A8862CD-F953-4DC8-B3B6-81989E3EEC55}.Release|Any CPU.ActiveCfg = Release|Any CPU
		{4A8862CD-F953-4DC8-B3B6-81989E3EEC55}.Release|Any CPU.Build.0 = Release|Any CPU
		{68A0D628-3405-438D-938B-A82C6B46ECE3}.Debug|Any CPU.ActiveCfg = Debug|Any CPU
		{68A0D628-3405-438D-938B-A82C6B46ECE3}.Debug|Any CPU.Build.0 = Debug|Any CPU
		{68A0D628-3405-438D-938B-A82C6B46ECE3}.Release|Any CPU.ActiveCfg = Release|Any CPU
		{68A0D628-3405-438D-938B-A82C6B46ECE3}.Release|Any CPU.Build.0 = Release|Any CPU
		{0083BF1E-8AB3-433A-83E1-070007A8B12E}.Debug|Any CPU.ActiveCfg = Debug|Any CPU
		{0083BF1E-8AB3-433A-83E1-070007A8B12E}.Debug|Any CPU.Build.0 = Debug|Any CPU
		{0083BF1E-8AB3-433A-83E1-070007A8B12E}.Release|Any CPU.ActiveCfg = Release|Any CPU
		{0083BF1E-8AB3-433A-83E1-070007A8B12E}.Release|Any CPU.Build.0 = Release|Any CPU
		{8E03BEDF-1ED8-4BC5-8515-839F7181337E}.Debug|Any CPU.ActiveCfg = Debug|Any CPU
		{8E03BEDF-1ED8-4BC5-8515-839F7181337E}.Debug|Any CPU.Build.0 = Debug|Any CPU
		{8E03BEDF-1ED8-4BC5-8515-839F7181337E}.Release|Any CPU.ActiveCfg = Release|Any CPU
		{8E03BEDF-1ED8-4BC5-8515-839F7181337E}.Release|Any CPU.Build.0 = Release|Any CPU
		{F274DE29-C4FF-4428-88E2-76C82EB1773A}.Debug|Any CPU.ActiveCfg = Debug|Any CPU
		{F274DE29-C4FF-4428-88E2-76C82EB1773A}.Debug|Any CPU.Build.0 = Debug|Any CPU
		{F274DE29-C4FF-4428-88E2-76C82EB1773A}.Release|Any CPU.ActiveCfg = Release|Any CPU
		{F274DE29-C4FF-4428-88E2-76C82EB1773A}.Release|Any CPU.Build.0 = Release|Any CPU
	EndGlobalSection
	GlobalSection(SolutionProperties) = preSolution
		HideSolutionNode = FALSE
	EndGlobalSection
	GlobalSection(NestedProjects) = preSolution
		{383E5973-47BA-4DBA-B1BA-170263594927} = {0394241C-5895-489F-87A0-A39E55879D4D}
		{5C81285E-BA30-41FB-874B-203EBDE49399} = {0394241C-5895-489F-87A0-A39E55879D4D}
		{01873F8A-07E7-4823-A4F2-01267FFCDDEA} = {0394241C-5895-489F-87A0-A39E55879D4D}
		{B13891CA-9222-46B1-8518-3AE1B2CB42F3} = {0394241C-5895-489F-87A0-A39E55879D4D}
		{6D1A56A8-B605-4A62-8C03-5460BE877A7B} = {B13891CA-9222-46B1-8518-3AE1B2CB42F3}
		{5B221057-3C0B-4F82-951B-05278790C11F} = {383E5973-47BA-4DBA-B1BA-170263594927}
		{DD604A50-19B5-47F9-906D-81379B1B4B2D} = {5B221057-3C0B-4F82-951B-05278790C11F}
		{D5F6F845-AE74-4236-855F-77C6117E15A6} = {5C81285E-BA30-41FB-874B-203EBDE49399}
		{2DC12C9F-220B-4EB6-BB8D-4EA63783541B} = {D5F6F845-AE74-4236-855F-77C6117E15A6}
		{A8767C44-C699-46C9-A85E-491952E0813F} = {D5F6F845-AE74-4236-855F-77C6117E15A6}
		{193FD9BB-5A60-4AC7-BD45-2CE8F9F7B77D} = {D5F6F845-AE74-4236-855F-77C6117E15A6}
		{D6677BA6-1EFB-4895-BB60-157EAACAF8D3} = {01873F8A-07E7-4823-A4F2-01267FFCDDEA}
		{090D687D-D77C-4DEE-96F2-FDDE672D6D51} = {D6677BA6-1EFB-4895-BB60-157EAACAF8D3}
		{F3AA0476-1F97-4A7E-BD0A-E24A06678F8E} = {01873F8A-07E7-4823-A4F2-01267FFCDDEA}
		{C35EB2F8-4818-438E-84C2-FBCC77513DB9} = {F3AA0476-1F97-4A7E-BD0A-E24A06678F8E}
		{91066680-902E-4559-AC1F-8CB1C423DF00} = {01873F8A-07E7-4823-A4F2-01267FFCDDEA}
		{EBF9D6C5-D202-49C1-9C92-9054370E8879} = {91066680-902E-4559-AC1F-8CB1C423DF00}
		{C2AD532A-A2FE-412D-91E9-8C2FF93D8E8B} = {01873F8A-07E7-4823-A4F2-01267FFCDDEA}
		{4A8862CD-F953-4DC8-B3B6-81989E3EEC55} = {C2AD532A-A2FE-412D-91E9-8C2FF93D8E8B}
		{68A0D628-3405-438D-938B-A82C6B46ECE3} = {C2AD532A-A2FE-412D-91E9-8C2FF93D8E8B}
		{0083BF1E-8AB3-433A-83E1-070007A8B12E} = {C2AD532A-A2FE-412D-91E9-8C2FF93D8E8B}
		{8E03BEDF-1ED8-4BC5-8515-839F7181337E} = {C2AD532A-A2FE-412D-91E9-8C2FF93D8E8B}
		{4261E6CB-7472-4FF0-8642-D54055E3B655} = {01873F8A-07E7-4823-A4F2-01267FFCDDEA}
		{F274DE29-C4FF-4428-88E2-76C82EB1773A} = {4261E6CB-7472-4FF0-8642-D54055E3B655}
	EndGlobalSection
	GlobalSection(ExtensibilityGlobals) = postSolution
		SolutionGuid = {1162F215-1EEC-49EB-A087-787762CDFF76}
	EndGlobalSection
EndGlobal
